
Microsoft Visual Studio Solution File, Format Version 12.00
# Visual Studio Version 16
VisualStudioVersion = 16.0.30907.101
MinimumVisualStudioVersion = 10.0.40219.1
Project("{9A19103F-16F7-4668-BE54-9A1E7A4F7556}") = "Task_1", "Task_1.csproj", "{7F8F08C8-1F77-451F-BE9F-027A793D83D7}"
EndProject
Global
	GlobalSection(SolutionConfigurationPlatforms) = preSolution
		Debug|Any CPU = Debug|Any CPU
		Release|Any CPU = Release|Any CPU
	EndGlobalSection
	GlobalSection(ProjectConfigurationPlatforms) = postSolution
		{7F8F08C8-1F77-451F-BE9F-027A793D83D7}.Debug|Any CPU.ActiveCfg = Debug|Any CPU
		{7F8F08C8-1F77-451F-BE9F-027A793D83D7}.Debug|Any CPU.Build.0 = Debug|Any CPU
		{7F8F08C8-1F77-451F-BE9F-027A793D83D7}.Release|Any CPU.ActiveCfg = Release|Any CPU
		{7F8F08C8-1F77-451F-BE9F-027A793D83D7}.Release|Any CPU.Build.0 = Release|Any CPU
	EndGlobalSection
	GlobalSection(SolutionProperties) = preSolution
		HideSolutionNode = FALSE
	EndGlobalSection
	GlobalSection(ExtensibilityGlobals) = postSolution
		SolutionGuid = {CE6BA6CC-E001-4A4E-A649-4D892B1474E8}
	EndGlobalSection
EndGlobal
