
Microsoft Visual Studio Solution File, Format Version 12.00
# Visual Studio Version 16
VisualStudioVersion = 16.0.30320.27
MinimumVisualStudioVersion = 10.0.40219.1
Project("{FAE04EC0-301F-11D3-BF4B-00C04F79EFBC}") = "Task_3", "Task_3.csproj", "{8A2DB875-5DAF-4E60-937F-E7BE55FDC63B}"
EndProject
Global
	GlobalSection(SolutionConfigurationPlatforms) = preSolution
		Debug|Any CPU = Debug|Any CPU
		Release|Any CPU = Release|Any CPU
	EndGlobalSection
	GlobalSection(ProjectConfigurationPlatforms) = postSolution
		{8A2DB875-5DAF-4E60-937F-E7BE55FDC63B}.Debug|Any CPU.ActiveCfg = Debug|Any CPU
		{8A2DB875-5DAF-4E60-937F-E7BE55FDC63B}.Debug|Any CPU.Build.0 = Debug|Any CPU
		{8A2DB875-5DAF-4E60-937F-E7BE55FDC63B}.Release|Any CPU.ActiveCfg = Release|Any CPU
		{8A2DB875-5DAF-4E60-937F-E7BE55FDC63B}.Release|Any CPU.Build.0 = Release|Any CPU
	EndGlobalSection
	GlobalSection(SolutionProperties) = preSolution
		HideSolutionNode = FALSE
	EndGlobalSection
	GlobalSection(ExtensibilityGlobals) = postSolution
		SolutionGuid = {2380C9A3-9E5F-4914-9C07-C9C169553A83}
	EndGlobalSection
EndGlobal
